<?xml version="1.0" encoding="utf-8"?>
<Project ToolsVersion="4.0" xmlns="http://schemas.microsoft.com/developer/msbuild/2003">
  <ItemGroup>
    <Filter Include="Source Files">
      <UniqueIdentifier>{4FC737F1-C7A5-4376-A066-2A32D752A2FF}</UniqueIdentifier>
      <Extensions>cpp;c;cc;cxx;def;odl;idl;hpj;bat;asm;asmx</Extensions>
    </Filter>
    <Filter Include="Header Files">
      <UniqueIdentifier>{93995380-89BD-4b04-88EB-625FBE52EBFB}</UniqueIdentifier>
      <Extensions>h;hpp;hxx;hm;inl;inc;xsd</Extensions>
    </Filter>
    <Filter Include="Linker Script">
      <UniqueIdentifier>{78d90d1a-2101-4a4d-b1bd-11ccfab83eed}</UniqueIdentifier>
    </Filter>
  </ItemGroup>
  <ItemGroup>
    <ClCompile Include="..\Firmware\alm.c">
      <Filter>Source Files</Filter>
    </ClCompile>
    <ClCompile Include="..\Firmware\Ana.c">
      <Filter>Source Files</Filter>
    </ClCompile>
    <ClCompile Include="..\Firmware\Cal.c">
      <Filter>Source Files</Filter>
    </ClCompile>
    <ClCompile Include="..\Firmware\Cfs.c">
      <Filter>Source Files</Filter>
    </ClCompile>
    <ClCompile Include="..\Firmware\Cmd.c">
      <Filter>Source Files</Filter>
    </ClCompile>
    <ClCompile Include="..\Firmware\Com.c">
      <Filter>Source Files</Filter>
    </ClCompile>
    <ClCompile Include="..\Firmware\Cop.c">
      <Filter>Source Files</Filter>
    </ClCompile>
    <ClCompile Include="..\Firmware\Dig.c">
      <Filter>Source Files</Filter>
    </ClCompile>
    <ClCompile Include="..\Firmware\Dop.c">
      <Filter>Source Files</Filter>
    </ClCompile>
    <ClCompile Include="..\Firmware\Frm.c">
      <Filter>Source Files</Filter>
    </ClCompile>
    <ClCompile Include="..\Microchip\MDD File System\FSIO.c">
      <Filter>Source Files</Filter>
    </ClCompile>
    <ClCompile Include="..\Firmware\ftp.c">
      <Filter>Source Files</Filter>
    </ClCompile>
    <ClCompile Include="..\Firmware\gps.c">
      <Filter>Source Files</Filter>
    </ClCompile>
    <ClCompile Include="..\Firmware\Log.c">
      <Filter>Source Files</Filter>
    </ClCompile>
    <ClCompile Include="..\Firmware\Mag.c">
      <Filter>Source Files</Filter>
    </ClCompile>
    <ClCompile Include="..\Firmware\main.c">
      <Filter>Source Files</Filter>
    </ClCompile>
    <ClCompile Include="..\Firmware\Mdm.c">
      <Filter>Source Files</Filter>
    </ClCompile>
    <ClCompile Include="..\Firmware\modbus.c">
      <Filter>Source Files</Filter>
    </ClCompile>
    <ClCompile Include="..\Firmware\Msg.c">
      <Filter>Source Files</Filter>
    </ClCompile>
    <ClCompile Include="..\Firmware\Pdu.c">
      <Filter>Source Files</Filter>
    </ClCompile>
    <ClCompile Include="..\Firmware\Pwr.c">
      <Filter>Source Files</Filter>
    </ClCompile>
    <ClCompile Include="..\Firmware\rtc.c">
      <Filter>Source Files</Filter>
    </ClCompile>
    <ClCompile Include="..\Firmware\Scf.c">
      <Filter>Source Files</Filter>
    </ClCompile>
    <ClCompile Include="..\Microchip\MDD File System\SD-SPI.c">
      <Filter>Source Files</Filter>
    </ClCompile>
    <ClCompile Include="..\Firmware\Ser.c">
      <Filter>Source Files</Filter>
    </ClCompile>
    <ClCompile Include="..\Firmware\Slp.c">
      <Filter>Source Files</Filter>
    </ClCompile>
    <ClCompile Include="..\Firmware\Sns.c">
      <Filter>Source Files</Filter>
    </ClCompile>
    <ClCompile Include="..\Firmware\Str.c">
      <Filter>Source Files</Filter>
    </ClCompile>
    <ClCompile Include="..\Firmware\Tim.c">
      <Filter>Source Files</Filter>
    </ClCompile>
    <ClCompile Include="..\Firmware\tsync.c">
      <Filter>Source Files</Filter>
    </ClCompile>
    <ClCompile Include="..\Firmware\Usb.c">
      <Filter>Source Files</Filter>
    </ClCompile>
    <ClCompile Include="..\Firmware\usb_descriptors.c">
      <Filter>Source Files</Filter>
    </ClCompile>
    <ClCompile Include="..\Microchip\Usb\usb_device.c">
      <Filter>Source Files</Filter>
    </ClCompile>
  </ItemGroup>
  <ItemGroup>
    <ClInclude Include="..\Firmware\alm.h">
      <Filter>Header Files</Filter>
    </ClInclude>
    <ClInclude Include="..\Firmware\Ana.h">
      <Filter>Header Files</Filter>
    </ClInclude>
    <ClInclude Include="..\Firmware\Binary.h">
      <Filter>Header Files</Filter>
    </ClInclude>
    <ClInclude Include="..\Firmware\Cal.h">
      <Filter>Header Files</Filter>
    </ClInclude>
    <ClInclude Include="..\Firmware\Cfs.h">
      <Filter>Header Files</Filter>
    </ClInclude>
    <ClInclude Include="..\Firmware\Cmd.h">
      <Filter>Header Files</Filter>
    </ClInclude>
    <ClInclude Include="..\Firmware\Com.h">
      <Filter>Header Files</Filter>
    </ClInclude>
    <ClInclude Include="..\Microchip\Include\Compiler.h">
      <Filter>Header Files</Filter>
    </ClInclude>
    <ClInclude Include="..\Firmware\Cop.h">
      <Filter>Header Files</Filter>
    </ClInclude>
    <ClInclude Include="..\Firmware\Custom.h">
      <Filter>Header Files</Filter>
    </ClInclude>
    <ClInclude Include="..\Firmware\Dig.h">
      <Filter>Header Files</Filter>
    </ClInclude>
    <ClInclude Include="..\Firmware\Dop.h">
      <Filter>Header Files</Filter>
    </ClInclude>
    <ClInclude Include="..\Firmware\Frm.h">
      <Filter>Header Files</Filter>
    </ClInclude>
    <ClInclude Include="..\Firmware\FSconfig.h">
      <Filter>Header Files</Filter>
    </ClInclude>
    <ClInclude Include="..\Microchip\Include\MDD File System\FSDefs.h">
      <Filter>Header Files</Filter>
    </ClInclude>
    <ClInclude Include="..\Microchip\Include\MDD File System\FSIO.h">
      <Filter>Header Files</Filter>
    </ClInclude>
    <ClInclude Include="..\Firmware\ftp.h">
      <Filter>Header Files</Filter>
    </ClInclude>
    <ClInclude Include="..\Microchip\Include\GenericTypeDefs.h">
      <Filter>Header Files</Filter>
    </ClInclude>
    <ClInclude Include="..\Firmware\gps.h">
      <Filter>Header Files</Filter>
    </ClInclude>
    <ClInclude Include="..\Firmware\HardwareProfile.h">
      <Filter>Header Files</Filter>
    </ClInclude>
    <ClInclude Include="..\Firmware\Log.h">
      <Filter>Header Files</Filter>
    </ClInclude>
    <ClInclude Include="..\Firmware\Mag.h">
      <Filter>Header Files</Filter>
    </ClInclude>
    <ClInclude Include="..\Firmware\Mdm.h">
      <Filter>Header Files</Filter>
    </ClInclude>
    <ClInclude Include="..\Firmware\modbus.h">
      <Filter>Header Files</Filter>
    </ClInclude>
    <ClInclude Include="..\Firmware\Msg.h">
      <Filter>Header Files</Filter>
    </ClInclude>
    <ClInclude Include="C:\Program Files\Microchip\MPLAB C30\support\PIC24F\h\p24fj256gb110.h">
      <Filter>Header Files</Filter>
    </ClInclude>
    <ClInclude Include="..\Firmware\Pdu.h">
      <Filter>Header Files</Filter>
    </ClInclude>
    <ClInclude Include="..\Firmware\Pwr.h">
      <Filter>Header Files</Filter>
    </ClInclude>
    <ClInclude Include="..\Firmware\rtc.h">
      <Filter>Header Files</Filter>
    </ClInclude>
    <ClInclude Include="..\Firmware\Scf.h">
      <Filter>Header Files</Filter>
    </ClInclude>
    <ClInclude Include="..\Microchip\Include\MDD File System\SD-SPI.h">
      <Filter>Header Files</Filter>
    </ClInclude>
    <ClInclude Include="..\Firmware\Ser.h">
      <Filter>Header Files</Filter>
    </ClInclude>
    <ClInclude Include="..\Firmware\Slp.h">
      <Filter>Header Files</Filter>
    </ClInclude>
    <ClInclude Include="..\Firmware\Sns.h">
      <Filter>Header Files</Filter>
    </ClInclude>
    <ClInclude Include="..\Firmware\Str.h">
      <Filter>Header Files</Filter>
    </ClInclude>
    <ClInclude Include="..\Firmware\Tim.h">
      <Filter>Header Files</Filter>
    </ClInclude>
    <ClInclude Include="..\Firmware\tsync.h">
      <Filter>Header Files</Filter>
    </ClInclude>
    <ClInclude Include="..\Microchip\Include\Usb\usb.h">
      <Filter>Header Files</Filter>
    </ClInclude>
    <ClInclude Include="..\Firmware\Usb.h">
      <Filter>Header Files</Filter>
    </ClInclude>
    <ClInclude Include="..\Microchip\Include\Usb\usb_ch9.h">
      <Filter>Header Files</Filter>
    </ClInclude>
    <ClInclude Include="..\Microchip\Include\Usb\usb_common.h">
      <Filter>Header Files</Filter>
    </ClInclude>
    <ClInclude Include="..\Firmware\usb_config.h">
      <Filter>Header Files</Filter>
    </ClInclude>
    <ClInclude Include="..\Microchip\Include\Usb\usb_device.h">
      <Filter>Header Files</Filter>
    </ClInclude>
    <ClInclude Include="..\Microchip\Include\Usb\usb_hal.h">
      <Filter>Header Files</Filter>
    </ClInclude>
    <ClInclude Include="..\Microchip\Include\Usb\usb_hal_pic24.h">
      <Filter>Header Files</Filter>
    </ClInclude>
    <ClInclude Include="..\Firmware\Version.h">
      <Filter>Header Files</Filter>
    </ClInclude>
  </ItemGroup>
  <ItemGroup>
    <CustomBuild Include="..\Firmware\p24FJ256GB110.gld">
      <Filter>Linker Script</Filter>
    </CustomBuild>
  </ItemGroup>
</Project>